
Microsoft Visual Studio Solution File, Format Version 12.00
# Visual Studio Version 16
VisualStudioVersion = 16.0.31424.327
MinimumVisualStudioVersion = 10.0.40219.1
Project("{FAE04EC0-301F-11D3-BF4B-00C04F79EFBC}") = "MystatWebPage", "WindowsFormsApp7\MystatWebPage.csproj", "{412FB060-32A9-4BEC-82B4-72169A3D2AFF}"
EndProject
Global
	GlobalSection(SolutionConfigurationPlatforms) = preSolution
		Debug|Any CPU = Debug|Any CPU
		Release|Any CPU = Release|Any CPU
	EndGlobalSection
	GlobalSection(ProjectConfigurationPlatforms) = postSolution
		{412FB060-32A9-4BEC-82B4-72169A3D2AFF}.Debug|Any CPU.ActiveCfg = Debug|Any CPU
		{412FB060-32A9-4BEC-82B4-72169A3D2AFF}.Debug|Any CPU.Build.0 = Debug|Any CPU
		{412FB060-32A9-4BEC-82B4-72169A3D2AFF}.Release|Any CPU.ActiveCfg = Release|Any CPU
		{412FB060-32A9-4BEC-82B4-72169A3D2AFF}.Release|Any CPU.Build.0 = Release|Any CPU
	EndGlobalSection
	GlobalSection(SolutionProperties) = preSolution
		HideSolutionNode = FALSE
	EndGlobalSection
	GlobalSection(ExtensibilityGlobals) = postSolution
		SolutionGuid = {135CF304-021F-42D4-8EC6-72DE0D9537A0}
	EndGlobalSection
EndGlobal
